
Microsoft Visual Studio Solution File, Format Version 12.00
# Visual Studio Version 16
VisualStudioVersion = 16.0.31624.102
MinimumVisualStudioVersion = 10.0.40219.1
Project("{FAE04EC0-301F-11D3-BF4B-00C04F79EFBC}") = "ReactAdsAuthJWT.Web", "ReactAdsAuthJWT.Web\ReactAdsAuthJWT.Web.csproj", "{67DF4117-55AE-4D91-8C21-F36299AF0D83}"
EndProject
Project("{FAE04EC0-301F-11D3-BF4B-00C04F79EFBC}") = "ReactAdsAuthJWT.Data", "ReactAdsAuthJWT.Data\ReactAdsAuthJWT.Data.csproj", "{4DEF53D8-85C0-44AA-886A-EED8841DAE05}"
EndProject
Global
	GlobalSection(SolutionConfigurationPlatforms) = preSolution
		Debug|Any CPU = Debug|Any CPU
		Release|Any CPU = Release|Any CPU
	EndGlobalSection
	GlobalSection(ProjectConfigurationPlatforms) = postSolution
		{67DF4117-55AE-4D91-8C21-F36299AF0D83}.Debug|Any CPU.ActiveCfg = Debug|Any CPU
		{67DF4117-55AE-4D91-8C21-F36299AF0D83}.Debug|Any CPU.Build.0 = Debug|Any CPU
		{67DF4117-55AE-4D91-8C21-F36299AF0D83}.Release|Any CPU.ActiveCfg = Release|Any CPU
		{67DF4117-55AE-4D91-8C21-F36299AF0D83}.Release|Any CPU.Build.0 = Release|Any CPU
		{4DEF53D8-85C0-44AA-886A-EED8841DAE05}.Debug|Any CPU.ActiveCfg = Debug|Any CPU
		{4DEF53D8-85C0-44AA-886A-EED8841DAE05}.Debug|Any CPU.Build.0 = Debug|Any CPU
		{4DEF53D8-85C0-44AA-886A-EED8841DAE05}.Release|Any CPU.ActiveCfg = Release|Any CPU
		{4DEF53D8-85C0-44AA-886A-EED8841DAE05}.Release|Any CPU.Build.0 = Release|Any CPU
	EndGlobalSection
	GlobalSection(SolutionProperties) = preSolution
		HideSolutionNode = FALSE
	EndGlobalSection
	GlobalSection(ExtensibilityGlobals) = postSolution
		SolutionGuid = {5A7EFF45-AAA4-45F9-9A33-4B4E3135E77D}
	EndGlobalSection
EndGlobal
